
Microsoft Visual Studio Solution File, Format Version 12.00
# Visual Studio Version 17
VisualStudioVersion = 17.1.32328.378
MinimumVisualStudioVersion = 10.0.40219.1
Project("{9A19103F-16F7-4668-BE54-9A1E7A4F7556}") = "UsecodeEditor", "UsecodeEditor\UsecodeEditor.csproj", "{5AFC50D9-C2DC-4502-9957-3F70B0B123BB}"
EndProject
Project("{9A19103F-16F7-4668-BE54-9A1E7A4F7556}") = "Usecode", "Usecode\Usecode.csproj", "{D6645F17-3AF3-4213-B1DF-6BF5FDAA6F2C}"
EndProject
Global
	GlobalSection(SolutionConfigurationPlatforms) = preSolution
		Debug|Any CPU = Debug|Any CPU
		Release|Any CPU = Release|Any CPU
	EndGlobalSection
	GlobalSection(ProjectConfigurationPlatforms) = postSolution
		{5AFC50D9-C2DC-4502-9957-3F70B0B123BB}.Debug|Any CPU.ActiveCfg = Debug|Any CPU
		{5AFC50D9-C2DC-4502-9957-3F70B0B123BB}.Debug|Any CPU.Build.0 = Debug|Any CPU
		{5AFC50D9-C2DC-4502-9957-3F70B0B123BB}.Release|Any CPU.ActiveCfg = Release|Any CPU
		{5AFC50D9-C2DC-4502-9957-3F70B0B123BB}.Release|Any CPU.Build.0 = Release|Any CPU
		{D6645F17-3AF3-4213-B1DF-6BF5FDAA6F2C}.Debug|Any CPU.ActiveCfg = Debug|Any CPU
		{D6645F17-3AF3-4213-B1DF-6BF5FDAA6F2C}.Debug|Any CPU.Build.0 = Debug|Any CPU
		{D6645F17-3AF3-4213-B1DF-6BF5FDAA6F2C}.Release|Any CPU.ActiveCfg = Release|Any CPU
		{D6645F17-3AF3-4213-B1DF-6BF5FDAA6F2C}.Release|Any CPU.Build.0 = Release|Any CPU
	EndGlobalSection
	GlobalSection(SolutionProperties) = preSolution
		HideSolutionNode = FALSE
	EndGlobalSection
	GlobalSection(ExtensibilityGlobals) = postSolution
		SolutionGuid = {DA75DDF8-5EEB-4030-ADD9-8FD1F072795B}
	EndGlobalSection
EndGlobal
